// !$*UTF8*$!
{
	archiveVersion = 1;
	classes = {
	};
	objectVersion = 77;
	objects = {

/* Begin PBXBuildFile section */
		2A9FCC56AAF745060DEEF1EB /* POKYHWidgetBundle.swift in Sources */ = {isa = PBXBuildFile; fileRef = A005FB93D44E4B0A904EDE97 /* POKYHWidgetBundle.swift */; };
		3CD708458601A57884BB94F0 /* POKYHWidgetExtension.appex in Embed Foundation Extensions */ = {isa = PBXBuildFile; fileRef = A239909565EC022BC229023B /* POKYHWidgetExtension.appex */; settings = {ATTRIBUTES = (RemoveHeadersOnCopy, ); }; };
		52C23DECAD6EE19C403653C6 /* TodayScheduleWidget.swift in Sources */ = {isa = PBXBuildFile; fileRef = F1EEE7493E88633C8417B123 /* TodayScheduleWidget.swift */; };
		5482621942BBBD8FCFCA0A5E /* SharedKit.swift in Sources */ = {isa = PBXBuildFile; fileRef = 7366A8ADC9CC27478993264B /* SharedKit.swift */; };
		5D7664DB874F624113C9E428 /* OverviewWidget.swift in Sources */ = {isa = PBXBuildFile; fileRef = 31DF7AE94C895F1A2B4E85CB /* OverviewWidget.swift */; };
		800C6410FFA1D9B7D8380589 /* SharedKit.swift in Sources */ = {isa = PBXBuildFile; fileRef = 7366A8ADC9CC27478993264B /* SharedKit.swift */; };
		8615CA4E9EE822F3A0D34701 /* NextLessonWidget.swift in Sources */ = {isa = PBXBuildFile; fileRef = E18559D47B25EE5C862F920A /* NextLessonWidget.swift */; };
		8BB1402E578EFC9CE215B87C /* PrivacyInfo.xcprivacy in Resources */ = {isa = PBXBuildFile; fileRef = 0EC46C538929D32357D4C096 /* PrivacyInfo.xcprivacy */; };
		9B3FBA00034A5890D3F62972 /* LessonLiveActivity.swift in Sources */ = {isa = PBXBuildFile; fileRef = 7FD0CF265352DA2986231418 /* LessonLiveActivity.swift */; };
		C16250CD65DB4F55E434F1C6 /* Foundation.framework in Frameworks */ = {isa = PBXBuildFile; fileRef = 6C209605D555946F0B563F68 /* Foundation.framework */; };
		C7AB72BD64932599CD3536F7 /* MessagesWidget.swift in Sources */ = {isa = PBXBuildFile; fileRef = 7F2DD8E81AA965ED1BD84D24 /* MessagesWidget.swift */; };
		F77998505DB2E04640752A42 /* GradesWidget.swift in Sources */ = {isa = PBXBuildFile; fileRef = 3B9FF29AEE2E9FFA293FDF6B /* GradesWidget.swift */; };
/* End PBXBuildFile section */

/* Begin PBXContainerItemProxy section */
		DE71F4E4F81B383D3A2E2CC0 /* PBXContainerItemProxy */ = {
			isa = PBXContainerItemProxy;
			containerPortal = C7DDD8682FDB3FFB003E6EEA /* Project object */;
			proxyType = 1;
			remoteGlobalIDString = 21173AA3C1B7A381CC9806A2;
			remoteInfo = POKYHWidgetExtension;
		};
/* End PBXContainerItemProxy section */

/* Begin PBXCopyFilesBuildPhase section */
		83F63CE891CA126A3C65D6BB /* Embed Foundation Extensions */ = {
			isa = PBXCopyFilesBuildPhase;
			buildActionMask = 2147483647;
			dstPath = "";
			dstSubfolderSpec = 13;
			files = (
				3CD708458601A57884BB94F0 /* POKYHWidgetExtension.appex in Embed Foundation Extensions */,
			);
			name = "Embed Foundation Extensions";
			runOnlyForDeploymentPostprocessing = 0;
		};
/* End PBXCopyFilesBuildPhase section */

/* Begin PBXFileReference section */
		0EC46C538929D32357D4C096 /* PrivacyInfo.xcprivacy */ = {isa = PBXFileReference; includeInIndex = 1; lastKnownFileType = text.xml; name = PrivacyInfo.xcprivacy; path = POKYHWidget/PrivacyInfo.xcprivacy; sourceTree = "<group>"; };
		31DF7AE94C895F1A2B4E85CB /* OverviewWidget.swift */ = {isa = PBXFileReference; includeInIndex = 1; lastKnownFileType = sourcecode.swift; name = OverviewWidget.swift; path = POKYHWidget/OverviewWidget.swift; sourceTree = "<group>"; };
		3B9FF29AEE2E9FFA293FDF6B /* GradesWidget.swift */ = {isa = PBXFileReference; includeInIndex = 1; lastKnownFileType = sourcecode.swift; name = GradesWidget.swift; path = POKYHWidget/GradesWidget.swift; sourceTree = "<group>"; };
		6C209605D555946F0B563F68 /* Foundation.framework */ = {isa = PBXFileReference; lastKnownFileType = wrapper.framework; name = Foundation.framework; path = Platforms/iPhoneOS.platform/Developer/SDKs/iPhoneOS18.0.sdk/System/Library/Frameworks/Foundation.framework; sourceTree = DEVELOPER_DIR; };
		7366A8ADC9CC27478993264B /* SharedKit.swift */ = {isa = PBXFileReference; includeInIndex = 1; lastKnownFileType = sourcecode.swift; name = SharedKit.swift; path = Shared/SharedKit.swift; sourceTree = "<group>"; };
		7F2DD8E81AA965ED1BD84D24 /* MessagesWidget.swift */ = {isa = PBXFileReference; includeInIndex = 1; lastKnownFileType = sourcecode.swift; name = MessagesWidget.swift; path = POKYHWidget/MessagesWidget.swift; sourceTree = "<group>"; };
		7FD0CF265352DA2986231418 /* LessonLiveActivity.swift */ = {isa = PBXFileReference; includeInIndex = 1; lastKnownFileType = sourcecode.swift; name = LessonLiveActivity.swift; path = POKYHWidget/LessonLiveActivity.swift; sourceTree = "<group>"; };
		A005FB93D44E4B0A904EDE97 /* POKYHWidgetBundle.swift */ = {isa = PBXFileReference; includeInIndex = 1; lastKnownFileType = sourcecode.swift; name = POKYHWidgetBundle.swift; path = POKYHWidget/POKYHWidgetBundle.swift; sourceTree = "<group>"; };
		A239909565EC022BC229023B /* POKYHWidgetExtension.appex */ = {isa = PBXFileReference; explicitFileType = "wrapper.app-extension"; includeInIndex = 0; path = POKYHWidgetExtension.appex; sourceTree = BUILT_PRODUCTS_DIR; };
		C7DDD8702FDB3FFB003E6EEA /* POKYH.app */ = {isa = PBXFileReference; explicitFileType = wrapper.application; includeInIndex = 0; path = POKYH.app; sourceTree = BUILT_PRODUCTS_DIR; };
		E18559D47B25EE5C862F920A /* NextLessonWidget.swift */ = {isa = PBXFileReference; includeInIndex = 1; lastKnownFileType = sourcecode.swift; name = NextLessonWidget.swift; path = POKYHWidget/NextLessonWidget.swift; sourceTree = "<group>"; };
		F1EEE7493E88633C8417B123 /* TodayScheduleWidget.swift */ = {isa = PBXFileReference; includeInIndex = 1; lastKnownFileType = sourcecode.swift; name = TodayScheduleWidget.swift; path = POKYHWidget/TodayScheduleWidget.swift; sourceTree = "<group>"; };
/* End PBXFileReference section */

/* Begin PBXFileSystemSynchronizedRootGroup section */
		C7DDD8722FDB3FFB003E6EEA /* POKYH */ = {
			isa = PBXFileSystemSynchronizedRootGroup;
			path = POKYH;
			sourceTree = "<group>";
		};
/* End PBXFileSystemSynchronizedRootGroup section */

/* Begin PBXFrameworksBuildPhase section */
		7D5AA4A035321034586C8328 /* Frameworks */ = {
			isa = PBXFrameworksBuildPhase;
			buildActionMask = 2147483647;
			files = (
				C16250CD65DB4F55E434F1C6 /* Foundation.framework in Frameworks */,
			);
			runOnlyForDeploymentPostprocessing = 0;
		};
		C7DDD86D2FDB3FFB003E6EEA /* Frameworks */ = {
			isa = PBXFrameworksBuildPhase;
			buildActionMask = 2147483647;
			files = (
			);
			runOnlyForDeploymentPostprocessing = 0;
		};
/* End PBXFrameworksBuildPhase section */

/* Begin PBXGroup section */
		0B945E6E98001ACC294FDC6E /* POKYHWidget */ = {
			isa = PBXGroup;
			children = (
				A005FB93D44E4B0A904EDE97 /* POKYHWidgetBundle.swift */,
				E18559D47B25EE5C862F920A /* NextLessonWidget.swift */,
				7FD0CF265352DA2986231418 /* LessonLiveActivity.swift */,
				3B9FF29AEE2E9FFA293FDF6B /* GradesWidget.swift */,
				7F2DD8E81AA965ED1BD84D24 /* MessagesWidget.swift */,
				31DF7AE94C895F1A2B4E85CB /* OverviewWidget.swift */,
				F1EEE7493E88633C8417B123 /* TodayScheduleWidget.swift */,
				0EC46C538929D32357D4C096 /* PrivacyInfo.xcprivacy */,
			);
			name = POKYHWidget;
			sourceTree = SOURCE_ROOT;
		};
		3DA216521F5B50156116EAE5 /* Shared */ = {
			isa = PBXGroup;
			children = (
				7366A8ADC9CC27478993264B /* SharedKit.swift */,
			);
			name = Shared;
			sourceTree = SOURCE_ROOT;
		};
		A5D50B816BAC724AB98B2182 /* Frameworks */ = {
			isa = PBXGroup;
			children = (
				CB2DB1B8FFCA18098C524F04 /* iOS */,
			);
			name = Frameworks;
			sourceTree = "<group>";
		};
		C7DDD8672FDB3FFB003E6EEA = {
			isa = PBXGroup;
			children = (
				C7DDD8722FDB3FFB003E6EEA /* POKYH */,
				C7DDD8712FDB3FFB003E6EEA /* Products */,
				A5D50B816BAC724AB98B2182 /* Frameworks */,
				3DA216521F5B50156116EAE5 /* Shared */,
				0B945E6E98001ACC294FDC6E /* POKYHWidget */,
			);
			sourceTree = "<group>";
		};
		C7DDD8712FDB3FFB003E6EEA /* Products */ = {
			isa = PBXGroup;
			children = (
				C7DDD8702FDB3FFB003E6EEA /* POKYH.app */,
				A239909565EC022BC229023B /* POKYHWidgetExtension.appex */,
			);
			name = Products;
			sourceTree = "<group>";
		};
		CB2DB1B8FFCA18098C524F04 /* iOS */ = {
			isa = PBXGroup;
			children = (
				6C209605D555946F0B563F68 /* Foundation.framework */,
			);
			name = iOS;
			sourceTree = "<group>";
		};
/* End PBXGroup section */

/* Begin PBXNativeTarget section */
		21173AA3C1B7A381CC9806A2 /* POKYHWidgetExtension */ = {
			isa = PBXNativeTarget;
			buildConfigurationList = 514BA84130677B99A87EAB64 /* Build configuration list for PBXNativeTarget "POKYHWidgetExtension" */;
			buildPhases = (
				6CB6669C7ADE7B38CF8C1BFC /* Sources */,
				7D5AA4A035321034586C8328 /* Frameworks */,
				506D041A225AC5B7947807ED /* Resources */,
			);
			buildRules = (
			);
			dependencies = (
			);
			name = POKYHWidgetExtension;
			productName = POKYHWidgetExtension;
			productReference = A239909565EC022BC229023B /* POKYHWidgetExtension.appex */;
			productType = "com.apple.product-type.app-extension";
		};
		C7DDD86F2FDB3FFB003E6EEA /* POKYH */ = {
			isa = PBXNativeTarget;
			buildConfigurationList = C7DDD87B2FDB3FFC003E6EEA /* Build configuration list for PBXNativeTarget "POKYH" */;
			buildPhases = (
				C7DDD86C2FDB3FFB003E6EEA /* Sources */,
				C7DDD86D2FDB3FFB003E6EEA /* Frameworks */,
				C7DDD86E2FDB3FFB003E6EEA /* Resources */,
				83F63CE891CA126A3C65D6BB /* Embed Foundation Extensions */,
			);
			buildRules = (
			);
			dependencies = (
				4534AD2B28FA8F1DA3852F92 /* PBXTargetDependency */,
			);
			fileSystemSynchronizedGroups = (
				C7DDD8722FDB3FFB003E6EEA /* POKYH */,
			);
			name = POKYH;
			productName = POKYH;
			productReference = C7DDD8702FDB3FFB003E6EEA /* POKYH.app */;
			productType = "com.apple.product-type.application";
		};
/* End PBXNativeTarget section */

/* Begin PBXProject section */
		C7DDD8682FDB3FFB003E6EEA /* Project object */ = {
			isa = PBXProject;
			attributes = {
				BuildIndependentTargetsInParallel = 1;
				LastSwiftUpdateCheck = 2650;
				LastUpgradeCheck = 2650;
				TargetAttributes = {
					C7DDD86F2FDB3FFB003E6EEA = {
						CreatedOnToolsVersion = 26.5;
					};
				};
			};
			buildConfigurationList = C7DDD86B2FDB3FFB003E6EEA /* Build configuration list for PBXProject "POKYH" */;
			developmentRegion = en;
			hasScannedForEncodings = 0;
			knownRegions = (
				en,
				Base,
			);
			mainGroup = C7DDD8672FDB3FFB003E6EEA;
			minimizedProjectReferenceProxies = 1;
			preferredProjectObjectVersion = 77;
			productRefGroup = C7DDD8712FDB3FFB003E6EEA /* Products */;
			projectDirPath = "";
			projectRoot = "";
			targets = (
				C7DDD86F2FDB3FFB003E6EEA /* POKYH */,
				21173AA3C1B7A381CC9806A2 /* POKYHWidgetExtension */,
			);
		};
/* End PBXProject section */

/* Begin PBXResourcesBuildPhase section */
		506D041A225AC5B7947807ED /* Resources */ = {
			isa = PBXResourcesBuildPhase;
			buildActionMask = 2147483647;
			files = (
				8BB1402E578EFC9CE215B87C /* PrivacyInfo.xcprivacy in Resources */,
			);
			runOnlyForDeploymentPostprocessing = 0;
		};
		C7DDD86E2FDB3FFB003E6EEA /* Resources */ = {
			isa = PBXResourcesBuildPhase;
			buildActionMask = 2147483647;
			files = (
			);
			runOnlyForDeploymentPostprocessing = 0;
		};
/* End PBXResourcesBuildPhase section */

/* Begin PBXSourcesBuildPhase section */
		6CB6669C7ADE7B38CF8C1BFC /* Sources */ = {
			isa = PBXSourcesBuildPhase;
			buildActionMask = 2147483647;
			files = (
				800C6410FFA1D9B7D8380589 /* SharedKit.swift in Sources */,
				2A9FCC56AAF745060DEEF1EB /* POKYHWidgetBundle.swift in Sources */,
				8615CA4E9EE822F3A0D34701 /* NextLessonWidget.swift in Sources */,
				9B3FBA00034A5890D3F62972 /* LessonLiveActivity.swift in Sources */,
				F77998505DB2E04640752A42 /* GradesWidget.swift in Sources */,
				C7AB72BD64932599CD3536F7 /* MessagesWidget.swift in Sources */,
				5D7664DB874F624113C9E428 /* OverviewWidget.swift in Sources */,
				52C23DECAD6EE19C403653C6 /* TodayScheduleWidget.swift in Sources */,
			);
			runOnlyForDeploymentPostprocessing = 0;
		};
		C7DDD86C2FDB3FFB003E6EEA /* Sources */ = {
			isa = PBXSourcesBuildPhase;
			buildActionMask = 2147483647;
			files = (
				5482621942BBBD8FCFCA0A5E /* SharedKit.swift in Sources */,
			);
			runOnlyForDeploymentPostprocessing = 0;
		};
/* End PBXSourcesBuildPhase section */

/* Begin PBXTargetDependency section */
		4534AD2B28FA8F1DA3852F92 /* PBXTargetDependency */ = {
			isa = PBXTargetDependency;
			name = POKYHWidgetExtension;
			target = 21173AA3C1B7A381CC9806A2 /* POKYHWidgetExtension */;
			targetProxy = DE71F4E4F81B383D3A2E2CC0 /* PBXContainerItemProxy */;
		};
/* End PBXTargetDependency section */

/* Begin XCBuildConfiguration section */
		B01A5423AB41430E6AFB4A9A /* Debug */ = {
			isa = XCBuildConfiguration;
			buildSettings = {
				CLANG_ENABLE_OBJC_WEAK = NO;
				CODE_SIGN_ENTITLEMENTS = POKYHWidget/POKYHWidget.entitlements;
				CODE_SIGN_STYLE = Automatic;
				CURRENT_PROJECT_VERSION = 1;
				DEVELOPMENT_TEAM = X4223DUK8A;
				GENERATE_INFOPLIST_FILE = NO;
				INFOPLIST_FILE = POKYHWidget/Info.plist;
				IPHONEOS_DEPLOYMENT_TARGET = 26.0;
				LD_RUNPATH_SEARCH_PATHS = (
					"$(inherited)",
					"@executable_path/Frameworks",
					"@executable_path/../../Frameworks",
				);
				MARKETING_VERSION = 1.0;
				PRODUCT_BUNDLE_IDENTIFIER = dev.plattnericus.POKYH.POKYHWidget;
				PRODUCT_NAME = "$(TARGET_NAME)";
				SDKROOT = iphoneos;
				SKIP_INSTALL = YES;
				SWIFT_EMIT_LOC_STRINGS = YES;
				SWIFT_VERSION = 5.0;
				TARGETED_DEVICE_FAMILY = "1,2";
			};
			name = Debug;
		};
		C7DDD8792FDB3FFC003E6EEA /* Debug */ = {
			isa = XCBuildConfiguration;
			buildSettings = {
				ALWAYS_SEARCH_USER_PATHS = NO;
				ASSETCATALOG_COMPILER_GENERATE_SWIFT_ASSET_SYMBOL_EXTENSIONS = YES;
				CLANG_ANALYZER_NONNULL = YES;
				CLANG_ANALYZER_NUMBER_OBJECT_CONVERSION = YES_AGGRESSIVE;
				CLANG_CXX_LANGUAGE_STANDARD = "gnu++20";
				CLANG_ENABLE_MODULES = YES;
				CLANG_ENABLE_OBJC_ARC = YES;
				CLANG_ENABLE_OBJC_WEAK = YES;
				CLANG_WARN_BLOCK_CAPTURE_AUTORELEASING = YES;
				CLANG_WARN_BOOL_CONVERSION = YES;
				CLANG_WARN_COMMA = YES;
				CLANG_WARN_CONSTANT_CONVERSION = YES;
				CLANG_WARN_DEPRECATED_OBJC_IMPLEMENTATIONS = YES;
				CLANG_WARN_DIRECT_OBJC_ISA_USAGE = YES_ERROR;
				CLANG_WARN_DOCUMENTATION_COMMENTS = YES;
				CLANG_WARN_EMPTY_BODY = YES;
				CLANG_WARN_ENUM_CONVERSION = YES;
				CLANG_WARN_INFINITE_RECURSION = YES;
				CLANG_WARN_INT_CONVERSION = YES;
				CLANG_WARN_NON_LITERAL_NULL_CONVERSION = YES;
				CLANG_WARN_OBJC_IMPLICIT_RETAIN_SELF = YES;
				CLANG_WARN_OBJC_LITERAL_CONVERSION = YES;
				CLANG_WARN_OBJC_ROOT_CLASS = YES_ERROR;
				CLANG_WARN_QUOTED_INCLUDE_IN_FRAMEWORK_HEADER = YES;
				CLANG_WARN_RANGE_LOOP_ANALYSIS = YES;
				CLANG_WARN_STRICT_PROTOTYPES = YES;
				CLANG_WARN_SUSPICIOUS_MOVE = YES;
				CLANG_WARN_UNGUARDED_AVAILABILITY = YES_AGGRESSIVE;
				CLANG_WARN_UNREACHABLE_CODE = YES;
				CLANG_WARN__DUPLICATE_METHOD_MATCH = YES;
				COPY_PHASE_STRIP = NO;
				DEBUG_INFORMATION_FORMAT = dwarf;
				DEVELOPMENT_TEAM = X4223DUK8A;
				ENABLE_STRICT_OBJC_MSGSEND = YES;
				ENABLE_TESTABILITY = YES;
				ENABLE_USER_SCRIPT_SANDBOXING = YES;
				GCC_C_LANGUAGE_STANDARD = gnu17;
				GCC_DYNAMIC_NO_PIC = NO;
				GCC_NO_COMMON_BLOCKS = YES;
				GCC_OPTIMIZATION_LEVEL = 0;
				GCC_PREPROCESSOR_DEFINITIONS = (
					"DEBUG=1",
					"$(inherited)",
				);
				GCC_WARN_64_TO_32_BIT_CONVERSION = YES;
				GCC_WARN_ABOUT_RETURN_TYPE = YES_ERROR;
				GCC_WARN_UNDECLARED_SELECTOR = YES;
				GCC_WARN_UNINITIALIZED_AUTOS = YES_AGGRESSIVE;
				GCC_WARN_UNUSED_FUNCTION = YES;
				GCC_WARN_UNUSED_VARIABLE = YES;
				LOCALIZATION_PREFERS_STRING_CATALOGS = YES;
				MTL_ENABLE_DEBUG_INFO = INCLUDE_SOURCE;
				MTL_FAST_MATH = YES;
				ONLY_ACTIVE_ARCH = YES;
				SWIFT_ACTIVE_COMPILATION_CONDITIONS = "DEBUG $(inherited)";
				SWIFT_OPTIMIZATION_LEVEL = "-Onone";
			};
			name = Debug;
		};
		C7DDD87A2FDB3FFC003E6EEA /* Release */ = {
			isa = XCBuildConfiguration;
			buildSettings = {
				ALWAYS_SEARCH_USER_PATHS = NO;
				ASSETCATALOG_COMPILER_GENERATE_SWIFT_ASSET_SYMBOL_EXTENSIONS = YES;
				CLANG_ANALYZER_NONNULL = YES;
				CLANG_ANALYZER_NUMBER_OBJECT_CONVERSION = YES_AGGRESSIVE;
				CLANG_CXX_LANGUAGE_STANDARD = "gnu++20";
				CLANG_ENABLE_MODULES = YES;
				CLANG_ENABLE_OBJC_ARC = YES;
				CLANG_ENABLE_OBJC_WEAK = YES;
				CLANG_WARN_BLOCK_CAPTURE_AUTORELEASING = YES;
				CLANG_WARN_BOOL_CONVERSION = YES;
				CLANG_WARN_COMMA = YES;
				CLANG_WARN_CONSTANT_CONVERSION = YES;
				CLANG_WARN_DEPRECATED_OBJC_IMPLEMENTATIONS = YES;
				CLANG_WARN_DIRECT_OBJC_ISA_USAGE = YES_ERROR;
				CLANG_WARN_DOCUMENTATION_COMMENTS = YES;
				CLANG_WARN_EMPTY_BODY = YES;
				CLANG_WARN_ENUM_CONVERSION = YES;
				CLANG_WARN_INFINITE_RECURSION = YES;
				CLANG_WARN_INT_CONVERSION = YES;
				CLANG_WARN_NON_LITERAL_NULL_CONVERSION = YES;
				CLANG_WARN_OBJC_IMPLICIT_RETAIN_SELF = YES;
				CLANG_WARN_OBJC_LITERAL_CONVERSION = YES;
				CLANG_WARN_OBJC_ROOT_CLASS = YES_ERROR;
				CLANG_WARN_QUOTED_INCLUDE_IN_FRAMEWORK_HEADER = YES;
				CLANG_WARN_RANGE_LOOP_ANALYSIS = YES;
				CLANG_WARN_STRICT_PROTOTYPES = YES;
				CLANG_WARN_SUSPICIOUS_MOVE = YES;
				CLANG_WARN_UNGUARDED_AVAILABILITY = YES_AGGRESSIVE;
				CLANG_WARN_UNREACHABLE_CODE = YES;
				CLANG_WARN__DUPLICATE_METHOD_MATCH = YES;
				COPY_PHASE_STRIP = NO;
				DEBUG_INFORMATION_FORMAT = "dwarf-with-dsym";
				DEVELOPMENT_TEAM = X4223DUK8A;
				ENABLE_NS_ASSERTIONS = NO;
				ENABLE_STRICT_OBJC_MSGSEND = YES;
				ENABLE_USER_SCRIPT_SANDBOXING = YES;
				GCC_C_LANGUAGE_STANDARD = gnu17;
				GCC_NO_COMMON_BLOCKS = YES;
				GCC_WARN_64_TO_32_BIT_CONVERSION = YES;
				GCC_WARN_ABOUT_RETURN_TYPE = YES_ERROR;
				GCC_WARN_UNDECLARED_SELECTOR = YES;
				GCC_WARN_UNINITIALIZED_AUTOS = YES_AGGRESSIVE;
				GCC_WARN_UNUSED_FUNCTION = YES;
				GCC_WARN_UNUSED_VARIABLE = YES;
				LOCALIZATION_PREFERS_STRING_CATALOGS = YES;
				MTL_ENABLE_DEBUG_INFO = NO;
				MTL_FAST_MATH = YES;
				SWIFT_COMPILATION_MODE = wholemodule;
			};
			name = Release;
		};
		C7DDD87C2FDB3FFC003E6EEA /* Debug */ = {
			isa = XCBuildConfiguration;
			buildSettings = {
				ASSETCATALOG_COMPILER_APPICON_NAME = AppIcon;
				ASSETCATALOG_COMPILER_GLOBAL_ACCENT_COLOR_NAME = AccentColor;
				CODE_SIGN_ENTITLEMENTS = POKYH.entitlements;
				CODE_SIGN_STYLE = Automatic;
				CURRENT_PROJECT_VERSION = 1;
				DEVELOPMENT_TEAM = X4223DUK8A;
				ENABLE_APP_SANDBOX = YES;
				ENABLE_HARDENED_RUNTIME = YES;
				ENABLE_PREVIEWS = YES;
				ENABLE_USER_SELECTED_FILES = readonly;
				GENERATE_INFOPLIST_FILE = YES;
				INFOPLIST_FILE = Info.plist;
				INFOPLIST_KEY_NSFaceIDUsageDescription = "POKYH nutzt Face ID, um dich sicher und schnell anzumelden.";
				"INFOPLIST_KEY_UIApplicationSceneManifest_Generation[sdk=iphoneos*]" = YES;
				"INFOPLIST_KEY_UIApplicationSceneManifest_Generation[sdk=iphonesimulator*]" = YES;
				"INFOPLIST_KEY_UIApplicationSupportsIndirectInputEvents[sdk=iphoneos*]" = YES;
				"INFOPLIST_KEY_UIApplicationSupportsIndirectInputEvents[sdk=iphonesimulator*]" = YES;
				"INFOPLIST_KEY_UILaunchScreen_Generation[sdk=iphoneos*]" = YES;
				"INFOPLIST_KEY_UILaunchScreen_Generation[sdk=iphonesimulator*]" = YES;
				"INFOPLIST_KEY_UIStatusBarStyle[sdk=iphoneos*]" = UIStatusBarStyleDefault;
				"INFOPLIST_KEY_UIStatusBarStyle[sdk=iphonesimulator*]" = UIStatusBarStyleDefault;
				INFOPLIST_KEY_UISupportedInterfaceOrientations_iPad = "UIInterfaceOrientationPortrait UIInterfaceOrientationPortraitUpsideDown UIInterfaceOrientationLandscapeLeft UIInterfaceOrientationLandscapeRight";
				INFOPLIST_KEY_UISupportedInterfaceOrientations_iPhone = "UIInterfaceOrientationPortrait UIInterfaceOrientationLandscapeLeft UIInterfaceOrientationLandscapeRight";
				IPHONEOS_DEPLOYMENT_TARGET = 26.0;
				LD_RUNPATH_SEARCH_PATHS = "@executable_path/Frameworks";
				"LD_RUNPATH_SEARCH_PATHS[sdk=macosx*]" = "@executable_path/../Frameworks";
				MACOSX_DEPLOYMENT_TARGET = 26.5;
				MARKETING_VERSION = 1.0;
				PRODUCT_BUNDLE_IDENTIFIER = dev.plattnericus.POKYH;
				PRODUCT_NAME = "$(TARGET_NAME)";
				REGISTER_APP_GROUPS = YES;
				SDKROOT = auto;
				STRING_CATALOG_GENERATE_SYMBOLS = YES;
				SUPPORTED_PLATFORMS = "iphoneos iphonesimulator macosx xros xrsimulator";
				SWIFT_APPROACHABLE_CONCURRENCY = YES;
				SWIFT_DEFAULT_ACTOR_ISOLATION = MainActor;
				SWIFT_EMIT_LOC_STRINGS = YES;
				SWIFT_UPCOMING_FEATURE_MEMBER_IMPORT_VISIBILITY = YES;
				SWIFT_VERSION = 5.0;
				TARGETED_DEVICE_FAMILY = "1,2,7";
				XROS_DEPLOYMENT_TARGET = 26.5;
			};
			name = Debug;
		};
		C7DDD87D2FDB3FFC003E6EEA /* Release */ = {
			isa = XCBuildConfiguration;
			buildSettings = {
				ASSETCATALOG_COMPILER_APPICON_NAME = AppIcon;
				ASSETCATALOG_COMPILER_GLOBAL_ACCENT_COLOR_NAME = AccentColor;
				CODE_SIGN_ENTITLEMENTS = POKYH.entitlements;
				CODE_SIGN_STYLE = Automatic;
				CURRENT_PROJECT_VERSION = 1;
				DEVELOPMENT_TEAM = X4223DUK8A;
				ENABLE_APP_SANDBOX = YES;
				ENABLE_HARDENED_RUNTIME = YES;
				ENABLE_PREVIEWS = YES;
				ENABLE_USER_SELECTED_FILES = readonly;
				GENERATE_INFOPLIST_FILE = YES;
				INFOPLIST_FILE = Info.plist;
				INFOPLIST_KEY_NSFaceIDUsageDescription = "POKYH nutzt Face ID, um dich sicher und schnell anzumelden.";
				"INFOPLIST_KEY_UIApplicationSceneManifest_Generation[sdk=iphoneos*]" = YES;
				"INFOPLIST_KEY_UIApplicationSceneManifest_Generation[sdk=iphonesimulator*]" = YES;
				"INFOPLIST_KEY_UIApplicationSupportsIndirectInputEvents[sdk=iphoneos*]" = YES;
				"INFOPLIST_KEY_UIApplicationSupportsIndirectInputEvents[sdk=iphonesimulator*]" = YES;
				"INFOPLIST_KEY_UILaunchScreen_Generation[sdk=iphoneos*]" = YES;
				"INFOPLIST_KEY_UILaunchScreen_Generation[sdk=iphonesimulator*]" = YES;
				"INFOPLIST_KEY_UIStatusBarStyle[sdk=iphoneos*]" = UIStatusBarStyleDefault;
				"INFOPLIST_KEY_UIStatusBarStyle[sdk=iphonesimulator*]" = UIStatusBarStyleDefault;
				INFOPLIST_KEY_UISupportedInterfaceOrientations_iPad = "UIInterfaceOrientationPortrait UIInterfaceOrientationPortraitUpsideDown UIInterfaceOrientationLandscapeLeft UIInterfaceOrientationLandscapeRight";
				INFOPLIST_KEY_UISupportedInterfaceOrientations_iPhone = "UIInterfaceOrientationPortrait UIInterfaceOrientationLandscapeLeft UIInterfaceOrientationLandscapeRight";
				IPHONEOS_DEPLOYMENT_TARGET = 26.0;
				LD_RUNPATH_SEARCH_PATHS = "@executable_path/Frameworks";
				"LD_RUNPATH_SEARCH_PATHS[sdk=macosx*]" = "@executable_path/../Frameworks";
				MACOSX_DEPLOYMENT_TARGET = 26.5;
				MARKETING_VERSION = 1.0;
				PRODUCT_BUNDLE_IDENTIFIER = dev.plattnericus.POKYH;
				PRODUCT_NAME = "$(TARGET_NAME)";
				REGISTER_APP_GROUPS = YES;
				SDKROOT = auto;
				STRING_CATALOG_GENERATE_SYMBOLS = YES;
				SUPPORTED_PLATFORMS = "iphoneos iphonesimulator macosx xros xrsimulator";
				SWIFT_APPROACHABLE_CONCURRENCY = YES;
				SWIFT_DEFAULT_ACTOR_ISOLATION = MainActor;
				SWIFT_EMIT_LOC_STRINGS = YES;
				SWIFT_UPCOMING_FEATURE_MEMBER_IMPORT_VISIBILITY = YES;
				SWIFT_VERSION = 5.0;
				TARGETED_DEVICE_FAMILY = "1,2,7";
				XROS_DEPLOYMENT_TARGET = 26.5;
			};
			name = Release;
		};
		EEFF32329014BC2361C0ABA6 /* Release */ = {
			isa = XCBuildConfiguration;
			buildSettings = {
				CLANG_ENABLE_OBJC_WEAK = NO;
				CODE_SIGN_ENTITLEMENTS = POKYHWidget/POKYHWidget.entitlements;
				CODE_SIGN_STYLE = Automatic;
				CURRENT_PROJECT_VERSION = 1;
				DEVELOPMENT_TEAM = X4223DUK8A;
				GENERATE_INFOPLIST_FILE = NO;
				INFOPLIST_FILE = POKYHWidget/Info.plist;
				IPHONEOS_DEPLOYMENT_TARGET = 26.0;
				LD_RUNPATH_SEARCH_PATHS = (
					"$(inherited)",
					"@executable_path/Frameworks",
					"@executable_path/../../Frameworks",
				);
				MARKETING_VERSION = 1.0;
				PRODUCT_BUNDLE_IDENTIFIER = dev.plattnericus.POKYH.POKYHWidget;
				PRODUCT_NAME = "$(TARGET_NAME)";
				SDKROOT = iphoneos;
				SKIP_INSTALL = YES;
				SWIFT_EMIT_LOC_STRINGS = YES;
				SWIFT_VERSION = 5.0;
				TARGETED_DEVICE_FAMILY = "1,2";
				VALIDATE_PRODUCT = YES;
			};
			name = Release;
		};
/* End XCBuildConfiguration section */

/* Begin XCConfigurationList section */
		514BA84130677B99A87EAB64 /* Build configuration list for PBXNativeTarget "POKYHWidgetExtension" */ = {
			isa = XCConfigurationList;
			buildConfigurations = (
				EEFF32329014BC2361C0ABA6 /* Release */,
				B01A5423AB41430E6AFB4A9A /* Debug */,
			);
			defaultConfigurationIsVisible = 0;
			defaultConfigurationName = Release;
		};
		C7DDD86B2FDB3FFB003E6EEA /* Build configuration list for PBXProject "POKYH" */ = {
			isa = XCConfigurationList;
			buildConfigurations = (
				C7DDD8792FDB3FFC003E6EEA /* Debug */,
				C7DDD87A2FDB3FFC003E6EEA /* Release */,
			);
			defaultConfigurationIsVisible = 0;
			defaultConfigurationName = Release;
		};
		C7DDD87B2FDB3FFC003E6EEA /* Build configuration list for PBXNativeTarget "POKYH" */ = {
			isa = XCConfigurationList;
			buildConfigurations = (
				C7DDD87C2FDB3FFC003E6EEA /* Debug */,
				C7DDD87D2FDB3FFC003E6EEA /* Release */,
			);
			defaultConfigurationIsVisible = 0;
			defaultConfigurationName = Release;
		};
/* End XCConfigurationList section */
	};
	rootObject = C7DDD8682FDB3FFB003E6EEA /* Project object */;
}
